
Microsoft Visual Studio Solution File, Format Version 12.00
# Visual Studio Version 17
VisualStudioVersion = 17.5.33414.496
MinimumVisualStudioVersion = 10.0.40219.1
Project("{00D1A9C2-B5F0-4AF3-8072-F6C62B433612}") = "MIS.Services.Recruitment.Database", "MIS.Services.Recruitment.Database\MIS.Services.Recruitment.Database.sqlproj", "{24E1FF8B-83E3-4B73-BB5C-6202F7D263A8}"
EndProject
Global
	GlobalSection(SolutionConfigurationPlatforms) = preSolution
		Debug|Any CPU = Debug|Any CPU
		Release|Any CPU = Release|Any CPU
	EndGlobalSection
	GlobalSection(ProjectConfigurationPlatforms) = postSolution
		{24E1FF8B-83E3-4B73-BB5C-6202F7D263A8}.Debug|Any CPU.ActiveCfg = Debug|Any CPU
		{24E1FF8B-83E3-4B73-BB5C-6202F7D263A8}.Debug|Any CPU.Build.0 = Debug|Any CPU
		{24E1FF8B-83E3-4B73-BB5C-6202F7D263A8}.Debug|Any CPU.Deploy.0 = Debug|Any CPU
		{24E1FF8B-83E3-4B73-BB5C-6202F7D263A8}.Release|Any CPU.ActiveCfg = Release|Any CPU
		{24E1FF8B-83E3-4B73-BB5C-6202F7D263A8}.Release|Any CPU.Build.0 = Release|Any CPU
		{24E1FF8B-83E3-4B73-BB5C-6202F7D263A8}.Release|Any CPU.Deploy.0 = Release|Any CPU
	EndGlobalSection
	GlobalSection(SolutionProperties) = preSolution
		HideSolutionNode = FALSE
	EndGlobalSection
	GlobalSection(ExtensibilityGlobals) = postSolution
		SolutionGuid = {4E2A206E-E31D-4D2F-BAC9-DE5E6EDADF60}
	EndGlobalSection
EndGlobal
